# THIS IS AN AUTOGENERATED FILE. DO NOT EDIT THIS FILE DIRECTLY.
# yarn lockfile v1


urlb64touint8array@^1.0.3:
  version "1.0.3"
  resolved "https://registry.yarnpkg.com/urlb64touint8array/-/urlb64touint8array-1.0.3.tgz#824d93761073c4a4b4d974ef61b553f0551999ef"
  integrity sha512-/JurhdGJd72XSMVdm4+mRJ9UZb3NpxgV6h0HDZxZNGd2xKB0sAuPIsLAIYdUjJZv0PXKzDMsNUgHyoNFcZyc9g==
